{
  "name": "thunderdome",
  "version": "1.11.0",
  "lockfileVersion": 2,
  "requires": true,
  "packages": {
    "": {
      "version": "1.11.0",
      "license": "ISC",
      "dependencies": {
        "chickpea": "^1.9.0",
        "uuid": "^3.3.3",
        "watch": "^0.13.0"
      }
    },
    "node_modules/chickpea": {
      "version": "1.11.0",
      "resolved": "https://registry.npmjs.org/chickpea/-/chickpea-1.11.0.tgz",
      "integrity": "sha512-+vGkAR+eDOVqy7GTKLegvQCe1hCBCfii1Szr7un31nOga4+qPsmPeUxsYpzIfvmlc560NqpGYPcaZpUmFUm6KA==",
      "dependencies": {
        "commander": "^2.20.3",
        "lodash.kebabcase": "^4.1.1"
      }
    },
    "node_modules/commander": {
      "version": "2.20.3",
      "resolved": "https://registry.npmjs.org/commander/-/commander-2.20.3.tgz",
      "integrity": "sha512-GpVkmM8vF2vQUkj2LvZmD35JxeJOLCwJ9cUkugyk2nuhbv3+mJvpLYYt+0+USMxE+oj+ey/lJEnhZw75x/OMcQ=="
    },
    "node_modules/lodash.kebabcase": {
      "version": "4.1.1",
      "resolved": "https://registry.npmjs.org/lodash.kebabcase/-/lodash.kebabcase-4.1.1.tgz",
      "integrity": "sha512-N8XRTIMMqqDgSy4VLKPnJ/+hpGZN+PHQiJnSenYqPaVV/NCqEogTnAdZLQiGKhxX+JCs8waWq2t1XHWKOmlY8g=="
    },
    "node_modules/minimist": {
      "version": "1.2.6",
      "resolved": "https://registry.npmjs.org/minimist/-/minimist-1.2.6.tgz",
      "integrity": "sha512-Jsjnk4bw3YJqYzbdyBiNsPWHPfO++UGG749Cxs6peCu5Xg4nrena6OVxOYxrQTqww0Jmwt+Ref8rggumkTLz9Q=="
    },
    "node_modules/uuid": {
      "version": "3.4.0",
      "resolved": "https://registry.npmjs.org/uuid/-/uuid-3.4.0.tgz",
      "integrity": "sha512-HjSDRw6gZE5JMggctHBcjVak08+KEVhSIiDzFnT9S9aegmp85S/bReBVTb4QTFaRNptJ9kuYaNhnbNEOkbKb/A==",
      "deprecated": "Please upgrade  to version 7 or higher.  Older versions may use Math.random() in certain circumstances, which is known to be problematic.  See https://v8.dev/blog/math-random for details.",
      "bin": {
        "uuid": "bin/uuid"
      }
    },
    "node_modules/watch": {
      "version": "0.13.0",
      "resolved": "https://registry.npmjs.org/watch/-/watch-0.13.0.tgz",
      "integrity": "sha512-yTgNlr/8OjaGYq2FIv/PjU0zlv/pdAOmVSEeHNVcApFTT6ocWnMLhXlB6n/Rz9VVWXZmZkvkDnJ+iAIi/JjUJA==",
      "engines": [
        "node >=0.1.95"
      ],
      "dependencies": {
        "minimist": "^1.1.0"
      },
      "bin": {
        "watch": "cli.js"
      }
    }
  },
  "dependencies": {
    "chickpea": {
      "version": "1.11.0",
      "resolved": "https://registry.npmjs.org/chickpea/-/chickpea-1.11.0.tgz",
      "integrity": "sha512-+vGkAR+eDOVqy7GTKLegvQCe1hCBCfii1Szr7un31nOga4+qPsmPeUxsYpzIfvmlc560NqpGYPcaZpUmFUm6KA==",
      "requires": {
        "commander": "^2.20.3",
        "lodash.kebabcase": "^4.1.1"
      }
    },
    "commander": {
      "version": "2.20.3",
      "resolved": "https://registry.npmjs.org/commander/-/commander-2.20.3.tgz",
      "integrity": "sha512-GpVkmM8vF2vQUkj2LvZmD35JxeJOLCwJ9cUkugyk2nuhbv3+mJvpLYYt+0+USMxE+oj+ey/lJEnhZw75x/OMcQ=="
    },
    "lodash.kebabcase": {
      "version": "4.1.1",
      "resolved": "https://registry.npmjs.org/lodash.kebabcase/-/lodash.kebabcase-4.1.1.tgz",
      "integrity": "sha512-N8XRTIMMqqDgSy4VLKPnJ/+hpGZN+PHQiJnSenYqPaVV/NCqEogTnAdZLQiGKhxX+JCs8waWq2t1XHWKOmlY8g=="
    },
    "minimist": {
      "version": "1.2.6",
      "resolved": "https://registry.npmjs.org/minimist/-/minimist-1.2.6.tgz",
      "integrity": "sha512-Jsjnk4bw3YJqYzbdyBiNsPWHPfO++UGG749Cxs6peCu5Xg4nrena6OVxOYxrQTqww0Jmwt+Ref8rggumkTLz9Q=="
    },
    "uuid": {
      "version": "3.4.0",
      "resolved": "https://registry.npmjs.org/uuid/-/uuid-3.4.0.tgz",
      "integrity": "sha512-HjSDRw6gZE5JMggctHBcjVak08+KEVhSIiDzFnT9S9aegmp85S/bReBVTb4QTFaRNptJ9kuYaNhnbNEOkbKb/A=="
    },
    "watch": {
      "version": "0.13.0",
      "resolved": "https://registry.npmjs.org/watch/-/watch-0.13.0.tgz",
      "integrity": "sha512-yTgNlr/8OjaGYq2FIv/PjU0zlv/pdAOmVSEeHNVcApFTT6ocWnMLhXlB6n/Rz9VVWXZmZkvkDnJ+iAIi/JjUJA==",
      "requires": {
        "minimist": "^1.1.0"
      }
    }
  }
}
